
Microsoft Visual Studio Solution File, Format Version 12.00
# Visual Studio Version 16
VisualStudioVersion = 16.0.30907.101
MinimumVisualStudioVersion = 10.0.40219.1
Project("{FAE04EC0-301F-11D3-BF4B-00C04F79EFBC}") = "BinarySearchTree_Project", "BinarySearchTree_Project\BinarySearchTree_Project.csproj", "{63FA6C7C-C4DC-44AB-AD6C-5A83DFB2C8EF}"
EndProject
Global
	GlobalSection(SolutionConfigurationPlatforms) = preSolution
		Debug|Any CPU = Debug|Any CPU
		Release|Any CPU = Release|Any CPU
	EndGlobalSection
	GlobalSection(ProjectConfigurationPlatforms) = postSolution
		{63FA6C7C-C4DC-44AB-AD6C-5A83DFB2C8EF}.Debug|Any CPU.ActiveCfg = Debug|Any CPU
		{63FA6C7C-C4DC-44AB-AD6C-5A83DFB2C8EF}.Debug|Any CPU.Build.0 = Debug|Any CPU
		{63FA6C7C-C4DC-44AB-AD6C-5A83DFB2C8EF}.Release|Any CPU.ActiveCfg = Release|Any CPU
		{63FA6C7C-C4DC-44AB-AD6C-5A83DFB2C8EF}.Release|Any CPU.Build.0 = Release|Any CPU
	EndGlobalSection
	GlobalSection(SolutionProperties) = preSolution
		HideSolutionNode = FALSE
	EndGlobalSection
	GlobalSection(ExtensibilityGlobals) = postSolution
		SolutionGuid = {44FC9A55-25CA-4A95-A73B-169A99B1C571}
	EndGlobalSection
EndGlobal
